
Microsoft Visual Studio Solution File, Format Version 12.00
# Visual Studio Version 17
VisualStudioVersion = 17.11.35327.3
MinimumVisualStudioVersion = 10.0.40219.1
Project("{FAE04EC0-301F-11D3-BF4B-00C04F79EFBC}") = "MySmartHome", "MySmartHome.csproj", "{0E48E648-55D9-403B-823D-C6134CAE6D03}"
EndProject
Global
	GlobalSection(SolutionConfigurationPlatforms) = preSolution
		Debug|Any CPU = Debug|Any CPU
		Release|Any CPU = Release|Any CPU
	EndGlobalSection
	GlobalSection(ProjectConfigurationPlatforms) = postSolution
		{0E48E648-55D9-403B-823D-C6134CAE6D03}.Debug|Any CPU.ActiveCfg = Debug|Any CPU
		{0E48E648-55D9-403B-823D-C6134CAE6D03}.Debug|Any CPU.Build.0 = Debug|Any CPU
		{0E48E648-55D9-403B-823D-C6134CAE6D03}.Release|Any CPU.ActiveCfg = Release|Any CPU
		{0E48E648-55D9-403B-823D-C6134CAE6D03}.Release|Any CPU.Build.0 = Release|Any CPU
	EndGlobalSection
	GlobalSection(SolutionProperties) = preSolution
		HideSolutionNode = FALSE
	EndGlobalSection
	GlobalSection(ExtensibilityGlobals) = postSolution
		SolutionGuid = {3BFCFB5F-504D-44FC-8147-4339ECECCEE3}
	EndGlobalSection
EndGlobal
